
Microsoft Visual Studio Solution File, Format Version 12.00
# Visual Studio Version 16
VisualStudioVersion = 16.0.30621.155
MinimumVisualStudioVersion = 10.0.40219.1
Project("{FAE04EC0-301F-11D3-BF4B-00C04F79EFBC}") = "NotificationMobile.Android", "NotificationMobile\NotificationMobile.Android\NotificationMobile.Android.csproj", "{8B5A344D-A1BB-4878-A16A-F5090EE8FBF0}"
EndProject
Project("{FAE04EC0-301F-11D3-BF4B-00C04F79EFBC}") = "NotificationMobile.iOS", "NotificationMobile\NotificationMobile.iOS\NotificationMobile.iOS.csproj", "{53403358-00C3-4EAA-B1FC-FCA77B681B0B}"
EndProject
Project("{FAE04EC0-301F-11D3-BF4B-00C04F79EFBC}") = "NotificationMobile", "NotificationMobile\NotificationMobile\NotificationMobile.csproj", "{D94C1C16-8883-4627-BA8F-379786287801}"
EndProject
Global
	GlobalSection(SolutionConfigurationPlatforms) = preSolution
		Debug|Any CPU = Debug|Any CPU
		Debug|iPhone = Debug|iPhone
		Debug|iPhoneSimulator = Debug|iPhoneSimulator
		Release|Any CPU = Release|Any CPU
		Release|iPhone = Release|iPhone
		Release|iPhoneSimulator = Release|iPhoneSimulator
	EndGlobalSection
	GlobalSection(ProjectConfigurationPlatforms) = postSolution
		{8B5A344D-A1BB-4878-A16A-F5090EE8FBF0}.Debug|Any CPU.ActiveCfg = Debug|Any CPU
		{8B5A344D-A1BB-4878-A16A-F5090EE8FBF0}.Debug|Any CPU.Build.0 = Debug|Any CPU
		{8B5A344D-A1BB-4878-A16A-F5090EE8FBF0}.Debug|Any CPU.Deploy.0 = Debug|Any CPU
		{8B5A344D-A1BB-4878-A16A-F5090EE8FBF0}.Debug|iPhone.ActiveCfg = Debug|Any CPU
		{8B5A344D-A1BB-4878-A16A-F5090EE8FBF0}.Debug|iPhone.Build.0 = Debug|Any CPU
		{8B5A344D-A1BB-4878-A16A-F5090EE8FBF0}.Debug|iPhone.Deploy.0 = Debug|Any CPU
		{8B5A344D-A1BB-4878-A16A-F5090EE8FBF0}.Debug|iPhoneSimulator.ActiveCfg = Debug|Any CPU
		{8B5A344D-A1BB-4878-A16A-F5090EE8FBF0}.Debug|iPhoneSimulator.Build.0 = Debug|Any CPU
		{8B5A344D-A1BB-4878-A16A-F5090EE8FBF0}.Debug|iPhoneSimulator.Deploy.0 = Debug|Any CPU
		{8B5A344D-A1BB-4878-A16A-F5090EE8FBF0}.Release|Any CPU.ActiveCfg = Release|Any CPU
		{8B5A344D-A1BB-4878-A16A-F5090EE8FBF0}.Release|Any CPU.Build.0 = Release|Any CPU
		{8B5A344D-A1BB-4878-A16A-F5090EE8FBF0}.Release|Any CPU.Deploy.0 = Release|Any CPU
		{8B5A344D-A1BB-4878-A16A-F5090EE8FBF0}.Release|iPhone.ActiveCfg = Release|Any CPU
		{8B5A344D-A1BB-4878-A16A-F5090EE8FBF0}.Release|iPhone.Build.0 = Release|Any CPU
		{8B5A344D-A1BB-4878-A16A-F5090EE8FBF0}.Release|iPhone.Deploy.0 = Release|Any CPU
		{8B5A344D-A1BB-4878-A16A-F5090EE8FBF0}.Release|iPhoneSimulator.ActiveCfg = Release|Any CPU
		{8B5A344D-A1BB-4878-A16A-F5090EE8FBF0}.Release|iPhoneSimulator.Build.0 = Release|Any CPU
		{8B5A344D-A1BB-4878-A16A-F5090EE8FBF0}.Release|iPhoneSimulator.Deploy.0 = Release|Any CPU
		{53403358-00C3-4EAA-B1FC-FCA77B681B0B}.Debug|Any CPU.ActiveCfg = Debug|iPhone
		{53403358-00C3-4EAA-B1FC-FCA77B681B0B}.Debug|Any CPU.Build.0 = Debug|iPhone
		{53403358-00C3-4EAA-B1FC-FCA77B681B0B}.Debug|Any CPU.Deploy.0 = Debug|iPhone
		{53403358-00C3-4EAA-B1FC-FCA77B681B0B}.Debug|iPhone.ActiveCfg = Debug|iPhone
		{53403358-00C3-4EAA-B1FC-FCA77B681B0B}.Debug|iPhone.Build.0 = Debug|iPhone
		{53403358-00C3-4EAA-B1FC-FCA77B681B0B}.Debug|iPhone.Deploy.0 = Debug|iPhone
		{53403358-00C3-4EAA-B1FC-FCA77B681B0B}.Debug|iPhoneSimulator.ActiveCfg = Debug|iPhoneSimulator
		{53403358-00C3-4EAA-B1FC-FCA77B681B0B}.Debug|iPhoneSimulator.Build.0 = Debug|iPhoneSimulator
		{53403358-00C3-4EAA-B1FC-FCA77B681B0B}.Debug|iPhoneSimulator.Deploy.0 = Debug|iPhoneSimulator
		{53403358-00C3-4EAA-B1FC-FCA77B681B0B}.Release|Any CPU.ActiveCfg = Release|iPhoneSimulator
		{53403358-00C3-4EAA-B1FC-FCA77B681B0B}.Release|Any CPU.Build.0 = Release|iPhoneSimulator
		{53403358-00C3-4EAA-B1FC-FCA77B681B0B}.Release|Any CPU.Deploy.0 = Release|iPhoneSimulator
		{53403358-00C3-4EAA-B1FC-FCA77B681B0B}.Release|iPhone.ActiveCfg = Release|iPhone
		{53403358-00C3-4EAA-B1FC-FCA77B681B0B}.Release|iPhone.Build.0 = Release|iPhone
		{53403358-00C3-4EAA-B1FC-FCA77B681B0B}.Release|iPhone.Deploy.0 = Release|iPhone
		{53403358-00C3-4EAA-B1FC-FCA77B681B0B}.Release|iPhoneSimulator.ActiveCfg = Release|iPhoneSimulator
		{53403358-00C3-4EAA-B1FC-FCA77B681B0B}.Release|iPhoneSimulator.Build.0 = Release|iPhoneSimulator
		{53403358-00C3-4EAA-B1FC-FCA77B681B0B}.Release|iPhoneSimulator.Deploy.0 = Release|iPhoneSimulator
		{D94C1C16-8883-4627-BA8F-379786287801}.Debug|Any CPU.ActiveCfg = Debug|Any CPU
		{D94C1C16-8883-4627-BA8F-379786287801}.Debug|Any CPU.Build.0 = Debug|Any CPU
		{D94C1C16-8883-4627-BA8F-379786287801}.Debug|Any CPU.Deploy.0 = Debug|Any CPU
		{D94C1C16-8883-4627-BA8F-379786287801}.Debug|iPhone.ActiveCfg = Debug|Any CPU
		{D94C1C16-8883-4627-BA8F-379786287801}.Debug|iPhone.Build.0 = Debug|Any CPU
		{D94C1C16-8883-4627-BA8F-379786287801}.Debug|iPhone.Deploy.0 = Debug|Any CPU
		{D94C1C16-8883-4627-BA8F-379786287801}.Debug|iPhoneSimulator.ActiveCfg = Debug|Any CPU
		{D94C1C16-8883-4627-BA8F-379786287801}.Debug|iPhoneSimulator.Build.0 = Debug|Any CPU
		{D94C1C16-8883-4627-BA8F-379786287801}.Debug|iPhoneSimulator.Deploy.0 = Debug|Any CPU
		{D94C1C16-8883-4627-BA8F-379786287801}.Release|Any CPU.ActiveCfg = Release|Any CPU
		{D94C1C16-8883-4627-BA8F-379786287801}.Release|Any CPU.Build.0 = Release|Any CPU
		{D94C1C16-8883-4627-BA8F-379786287801}.Release|Any CPU.Deploy.0 = Release|Any CPU
		{D94C1C16-8883-4627-BA8F-379786287801}.Release|iPhone.ActiveCfg = Release|Any CPU
		{D94C1C16-8883-4627-BA8F-379786287801}.Release|iPhone.Build.0 = Release|Any CPU
		{D94C1C16-8883-4627-BA8F-379786287801}.Release|iPhone.Deploy.0 = Release|Any CPU
		{D94C1C16-8883-4627-BA8F-379786287801}.Release|iPhoneSimulator.ActiveCfg = Release|Any CPU
		{D94C1C16-8883-4627-BA8F-379786287801}.Release|iPhoneSimulator.Build.0 = Release|Any CPU
		{D94C1C16-8883-4627-BA8F-379786287801}.Release|iPhoneSimulator.Deploy.0 = Release|Any CPU
	EndGlobalSection
	GlobalSection(SolutionProperties) = preSolution
		HideSolutionNode = FALSE
	EndGlobalSection
	GlobalSection(ExtensibilityGlobals) = postSolution
		SolutionGuid = {7816827E-699E-4B55-BFEA-49221E386B2D}
	EndGlobalSection
EndGlobal
